{
  "nodes": {
    "home-manager": {
      "inputs": {
        "nixpkgs": [
          "nixpkgs"
        ]
      },
      "locked": {
        "lastModified": 1737221749,
        "narHash": "sha256-igllW0yG+UbetvhT11jnt9RppSHXYgMykYhZJeqfHs0=",
        "owner": "nix-community",
        "repo": "home-manager",
        "rev": "97d7946b5e107dd03cc82f21165251d4e0159655",
        "type": "github"
      },
      "original": {
        "owner": "nix-community",
        "ref": "master",
        "repo": "home-manager",
        "type": "github"
      }
    },
    "nixos-hardware": {
      "locked": {
        "lastModified": 1736978406,
        "narHash": "sha256-oMr3PVIQ8XPDI8/x6BHxsWEPBRU98Pam6KGVwUh8MPk=",
        "owner": "NixOS",
        "repo": "nixos-hardware",
        "rev": "b678606690027913f3434dea3864e712b862dde5",
        "type": "github"
      },
      "original": {
        "owner": "NixOS",
        "ref": "master",
        "repo": "nixos-hardware",
        "type": "github"
      }
    },
    "nixpkgs": {
      "locked": {
        "lastModified": 1737062831,
        "narHash": "sha256-Tbk1MZbtV2s5aG+iM99U8FqwxU/YNArMcWAv6clcsBc=",
        "owner": "nixos",
        "repo": "nixpkgs",
        "rev": "5df43628fdf08d642be8ba5b3625a6c70731c19c",
        "type": "github"
      },
      "original": {
        "owner": "nixos",
        "ref": "nixos-unstable",
        "repo": "nixpkgs",
        "type": "github"
      }
    },
    "root": {
      "inputs": {
        "home-manager": "home-manager",
        "nixos-hardware": "nixos-hardware",
        "nixpkgs": "nixpkgs",
        "tmux-tpm": "tmux-tpm",
        "waybar-rose-pine": "waybar-rose-pine"
      }
    },
    "tmux-tpm": {
      "flake": false,
      "locked": {
        "lastModified": 1677502767,
        "narHash": "sha256-hW8mfwB8F9ZkTQ72WQp/1fy8KL1IIYMZBtZYIwZdMQc=",
        "owner": "tmux-plugins",
        "repo": "tpm",
        "rev": "99469c4a9b1ccf77fade25842dc7bafbc8ce9946",
        "type": "github"
      },
      "original": {
        "owner": "tmux-plugins",
        "ref": "master",
        "repo": "tpm",
        "type": "github"
      }
    },
    "waybar-rose-pine": {
      "flake": false,
      "locked": {
        "lastModified": 1692757972,
        "narHash": "sha256-xrxceul8HRySG1cBg6uF6aYE52SJ/jCeICTh2Zj0iHo=",
        "owner": "rose-pine",
        "repo": "waybar",
        "rev": "1b118bd60d1c5778dc8a82b919069eeb8a834604",
        "type": "github"
      },
      "original": {
        "owner": "rose-pine",
        "repo": "waybar",
        "type": "github"
      }
    }
  },
  "root": "root",
  "version": 7
}
